// !$*UTF8*$!
{
	archiveVersion = 1;
	classes = {
	};
	objectVersion = 77;
	objects = {

/* Begin PBXBuildFile section */
		F807B2F32EB9B2B30093F91B /* MusicNavigator.swift in Sources */ = {isa = PBXBuildFile; fileRef = F807B2F22EB9B2AF0093F91B /* MusicNavigator.swift */; };
		F807B2F52EB9B94C0093F91B /* IDFetcher.swift in Sources */ = {isa = PBXBuildFile; fileRef = F807B2F42EB9B94A0093F91B /* IDFetcher.swift */; };
		F808FE022DD8B57F0041F8CA /* Regex in Frameworks */ = {isa = PBXBuildFile; productRef = F808FE012DD8B57F0041F8CA /* Regex */; };
		F81EEB572EC42D680038745E /* NotificationUtils.swift in Sources */ = {isa = PBXBuildFile; fileRef = F81EEB562EC42D580038745E /* NotificationUtils.swift */; };
		F85F5BD32E82694D00EFD18F /* Preview Assets.xcassets in Resources */ = {isa = PBXBuildFile; fileRef = F85F5BBF2E82694D00EFD18F /* Preview Assets.xcassets */; };
		F85F5BD42E82694D00EFD18F /* Assets.xcassets in Resources */ = {isa = PBXBuildFile; fileRef = F85F5BC42E82694D00EFD18F /* Assets.xcassets */; };
		F85F5BD62E82694D00EFD18F /* Extensions.swift in Sources */ = {isa = PBXBuildFile; fileRef = F85F5BB72E82694D00EFD18F /* Extensions.swift */; };
		F85F5BD72E82694D00EFD18F /* LyricsHeader.swift in Sources */ = {isa = PBXBuildFile; fileRef = F85F5BB82E82694D00EFD18F /* LyricsHeader.swift */; };
		F85F5BD82E82694D00EFD18F /* LyricsParser.swift in Sources */ = {isa = PBXBuildFile; fileRef = F85F5BB92E82694D00EFD18F /* LyricsParser.swift */; };
		F85F5BD92E82694D00EFD18F /* LyricStruct.swift in Sources */ = {isa = PBXBuildFile; fileRef = F85F5BBB2E82694D00EFD18F /* LyricStruct.swift */; };
		F85F5BDA2E82694D00EFD18F /* Song.swift in Sources */ = {isa = PBXBuildFile; fileRef = F85F5BBC2E82694D00EFD18F /* Song.swift */; };
		F85F5BDB2E82694D00EFD18F /* ViewModel.swift in Sources */ = {isa = PBXBuildFile; fileRef = F85F5BBD2E82694D00EFD18F /* ViewModel.swift */; };
		F85F5BDC2E82694D00EFD18F /* AnimatedMeshGradientView.swift in Sources */ = {isa = PBXBuildFile; fileRef = F85F5BC12E82694D00EFD18F /* AnimatedMeshGradientView.swift */; };
		F85F5BDD2E82694D00EFD18F /* AppDelegate.swift in Sources */ = {isa = PBXBuildFile; fileRef = F85F5BC22E82694D00EFD18F /* AppDelegate.swift */; };
		F85F5BDE2E82694D00EFD18F /* AppleMusicScripting.swift in Sources */ = {isa = PBXBuildFile; fileRef = F85F5BC32E82694D00EFD18F /* AppleMusicScripting.swift */; };
		F85F5BDF2E82694D00EFD18F /* AudioFormatManager.swift in Sources */ = {isa = PBXBuildFile; fileRef = F85F5BC52E82694D00EFD18F /* AudioFormatManager.swift */; };
		F85F5BE02E82694D00EFD18F /* AudioSyncApp.swift in Sources */ = {isa = PBXBuildFile; fileRef = F85F5BC72E82694D00EFD18F /* AudioSyncApp.swift */; };
		F85F5BE12E82694D00EFD18F /* FullScreenView.swift in Sources */ = {isa = PBXBuildFile; fileRef = F85F5BC82E82694D00EFD18F /* FullScreenView.swift */; };
		F85F5BE22E82694D00EFD18F /* KaraokeView.swift in Sources */ = {isa = PBXBuildFile; fileRef = F85F5BCA2E82694D00EFD18F /* KaraokeView.swift */; };
		F85F5BE32E82694D00EFD18F /* Log.swift in Sources */ = {isa = PBXBuildFile; fileRef = F85F5BCB2E82694D00EFD18F /* Log.swift */; };
		F85F5BE52E82694D00EFD18F /* LyricsSelectorView.swift in Sources */ = {isa = PBXBuildFile; fileRef = F85F5BCD2E82694D00EFD18F /* LyricsSelectorView.swift */; };
		F85F5BE62E82694D00EFD18F /* NetworkUtil.swift in Sources */ = {isa = PBXBuildFile; fileRef = F85F5BCE2E82694D00EFD18F /* NetworkUtil.swift */; };
		F85F5BE72E82694D00EFD18F /* PlaybackNotifier.swift in Sources */ = {isa = PBXBuildFile; fileRef = F85F5BCF2E82694D00EFD18F /* PlaybackNotifier.swift */; };
		F85F5BE82E82694D00EFD18F /* Utils.swift in Sources */ = {isa = PBXBuildFile; fileRef = F85F5BD02E82694D00EFD18F /* Utils.swift */; };
		F86657082DDC252100E55B82 /* README.md in Resources */ = {isa = PBXBuildFile; fileRef = F86657072DDC251800E55B82 /* README.md */; };
		F86B79062EC18C9600CC9DDB /* Key.swift in Sources */ = {isa = PBXBuildFile; fileRef = F86B79052EC18C8200CC9DDB /* Key.swift */; };
		F890FD042ED2B36D00501979 /* Caches.swift in Sources */ = {isa = PBXBuildFile; fileRef = F890FD032ED2B36500501979 /* Caches.swift */; };
		F8B059382EE52AD0006B7239 /* SimilarSongView.swift in Sources */ = {isa = PBXBuildFile; fileRef = F8B059372EE52AD0006B7239 /* SimilarSongView.swift */; };
		F8D979A62EBC757400BDD992 /* SimilarArtistView.swift in Sources */ = {isa = PBXBuildFile; fileRef = F8D979A52EBC757400BDD992 /* SimilarArtistView.swift */; };
		F8E18C7F2EBB0EF700EA75DC /* Artist.swift in Sources */ = {isa = PBXBuildFile; fileRef = F8E18C7E2EBB0EF200EA75DC /* Artist.swift */; };
		F8F61C9D2DC0999C007B028F /* AppKit.framework in Frameworks */ = {isa = PBXBuildFile; fileRef = F8F61C9C2DC0999C007B028F /* AppKit.framework */; };
		F8F61C9F2DC099A4007B028F /* CoreAudio.framework in Frameworks */ = {isa = PBXBuildFile; fileRef = F8F61C9E2DC099A4007B028F /* CoreAudio.framework */; };
		F8F61CA12DC099AB007B028F /* Foundation.framework in Frameworks */ = {isa = PBXBuildFile; fileRef = F8F61CA02DC099AB007B028F /* Foundation.framework */; };
/* End PBXBuildFile section */

/* Begin PBXFileReference section */
		F807B2F22EB9B2AF0093F91B /* MusicNavigator.swift */ = {isa = PBXFileReference; lastKnownFileType = sourcecode.swift; path = MusicNavigator.swift; sourceTree = "<group>"; };
		F807B2F42EB9B94A0093F91B /* IDFetcher.swift */ = {isa = PBXFileReference; lastKnownFileType = sourcecode.swift; path = IDFetcher.swift; sourceTree = "<group>"; };
		F81EEB562EC42D580038745E /* NotificationUtils.swift */ = {isa = PBXFileReference; lastKnownFileType = sourcecode.swift; path = NotificationUtils.swift; sourceTree = "<group>"; };
		F85F5BB72E82694D00EFD18F /* Extensions.swift */ = {isa = PBXFileReference; lastKnownFileType = sourcecode.swift; path = Extensions.swift; sourceTree = "<group>"; };
		F85F5BB82E82694D00EFD18F /* LyricsHeader.swift */ = {isa = PBXFileReference; lastKnownFileType = sourcecode.swift; path = LyricsHeader.swift; sourceTree = "<group>"; };
		F85F5BB92E82694D00EFD18F /* LyricsParser.swift */ = {isa = PBXFileReference; lastKnownFileType = sourcecode.swift; path = LyricsParser.swift; sourceTree = "<group>"; };
		F85F5BBB2E82694D00EFD18F /* LyricStruct.swift */ = {isa = PBXFileReference; lastKnownFileType = sourcecode.swift; path = LyricStruct.swift; sourceTree = "<group>"; };
		F85F5BBC2E82694D00EFD18F /* Song.swift */ = {isa = PBXFileReference; lastKnownFileType = sourcecode.swift; path = Song.swift; sourceTree = "<group>"; };
		F85F5BBD2E82694D00EFD18F /* ViewModel.swift */ = {isa = PBXFileReference; lastKnownFileType = sourcecode.swift; path = ViewModel.swift; sourceTree = "<group>"; };
		F85F5BBF2E82694D00EFD18F /* Preview Assets.xcassets */ = {isa = PBXFileReference; lastKnownFileType = folder.assetcatalog; path = "Preview Assets.xcassets"; sourceTree = "<group>"; };
		F85F5BC12E82694D00EFD18F /* AnimatedMeshGradientView.swift */ = {isa = PBXFileReference; lastKnownFileType = sourcecode.swift; path = AnimatedMeshGradientView.swift; sourceTree = "<group>"; };
		F85F5BC22E82694D00EFD18F /* AppDelegate.swift */ = {isa = PBXFileReference; lastKnownFileType = sourcecode.swift; path = AppDelegate.swift; sourceTree = "<group>"; xcLanguageSpecificationIdentifier = xcode.lang.swift; };
		F85F5BC32E82694D00EFD18F /* AppleMusicScripting.swift */ = {isa = PBXFileReference; lastKnownFileType = sourcecode.swift; path = AppleMusicScripting.swift; sourceTree = "<group>"; };
		F85F5BC42E82694D00EFD18F /* Assets.xcassets */ = {isa = PBXFileReference; lastKnownFileType = folder.assetcatalog; path = Assets.xcassets; sourceTree = "<group>"; };
		F85F5BC52E82694D00EFD18F /* AudioFormatManager.swift */ = {isa = PBXFileReference; lastKnownFileType = sourcecode.swift; path = AudioFormatManager.swift; sourceTree = "<group>"; };
		F85F5BC62E82694D00EFD18F /* AudioSync.entitlements */ = {isa = PBXFileReference; lastKnownFileType = text.plist.entitlements; path = AudioSync.entitlements; sourceTree = "<group>"; };
		F85F5BC72E82694D00EFD18F /* AudioSyncApp.swift */ = {isa = PBXFileReference; lastKnownFileType = sourcecode.swift; path = AudioSyncApp.swift; sourceTree = "<group>"; };
		F85F5BC82E82694D00EFD18F /* FullScreenView.swift */ = {isa = PBXFileReference; lastKnownFileType = sourcecode.swift; path = FullScreenView.swift; sourceTree = "<group>"; };
		F85F5BC92E82694D00EFD18F /* Info.plist */ = {isa = PBXFileReference; lastKnownFileType = text.plist.xml; path = Info.plist; sourceTree = "<group>"; };
		F85F5BCA2E82694D00EFD18F /* KaraokeView.swift */ = {isa = PBXFileReference; lastKnownFileType = sourcecode.swift; path = KaraokeView.swift; sourceTree = "<group>"; };
		F85F5BCB2E82694D00EFD18F /* Log.swift */ = {isa = PBXFileReference; lastKnownFileType = sourcecode.swift; path = Log.swift; sourceTree = "<group>"; };
		F85F5BCD2E82694D00EFD18F /* LyricsSelectorView.swift */ = {isa = PBXFileReference; lastKnownFileType = sourcecode.swift; path = LyricsSelectorView.swift; sourceTree = "<group>"; };
		F85F5BCE2E82694D00EFD18F /* NetworkUtil.swift */ = {isa = PBXFileReference; lastKnownFileType = sourcecode.swift; path = NetworkUtil.swift; sourceTree = "<group>"; };
		F85F5BCF2E82694D00EFD18F /* PlaybackNotifier.swift */ = {isa = PBXFileReference; lastKnownFileType = sourcecode.swift; path = PlaybackNotifier.swift; sourceTree = "<group>"; };
		F85F5BD02E82694D00EFD18F /* Utils.swift */ = {isa = PBXFileReference; lastKnownFileType = sourcecode.swift; path = Utils.swift; sourceTree = "<group>"; };
		F86657072DDC251800E55B82 /* README.md */ = {isa = PBXFileReference; lastKnownFileType = net.daringfireball.markdown; path = README.md; sourceTree = "<group>"; };
		F86B79052EC18C8200CC9DDB /* Key.swift */ = {isa = PBXFileReference; lastKnownFileType = sourcecode.swift; path = Key.swift; sourceTree = "<group>"; };
		F890FD032ED2B36500501979 /* Caches.swift */ = {isa = PBXFileReference; lastKnownFileType = sourcecode.swift; path = Caches.swift; sourceTree = "<group>"; };
		F8B059372EE52AD0006B7239 /* SimilarSongView.swift */ = {isa = PBXFileReference; lastKnownFileType = sourcecode.swift; path = SimilarSongView.swift; sourceTree = "<group>"; };
		F8D979A52EBC757400BDD992 /* SimilarArtistView.swift */ = {isa = PBXFileReference; lastKnownFileType = sourcecode.swift; path = SimilarArtistView.swift; sourceTree = "<group>"; };
		F8E18C7E2EBB0EF200EA75DC /* Artist.swift */ = {isa = PBXFileReference; lastKnownFileType = sourcecode.swift; path = Artist.swift; sourceTree = "<group>"; };
		F8F61C892DC097BD007B028F /* AudioSync.app */ = {isa = PBXFileReference; explicitFileType = wrapper.application; includeInIndex = 0; path = AudioSync.app; sourceTree = BUILT_PRODUCTS_DIR; };
		F8F61C9C2DC0999C007B028F /* AppKit.framework */ = {isa = PBXFileReference; lastKnownFileType = wrapper.framework; name = AppKit.framework; path = System/Library/Frameworks/AppKit.framework; sourceTree = SDKROOT; };
		F8F61C9E2DC099A4007B028F /* CoreAudio.framework */ = {isa = PBXFileReference; lastKnownFileType = wrapper.framework; name = CoreAudio.framework; path = System/Library/Frameworks/CoreAudio.framework; sourceTree = SDKROOT; };
		F8F61CA02DC099AB007B028F /* Foundation.framework */ = {isa = PBXFileReference; lastKnownFileType = wrapper.framework; name = Foundation.framework; path = System/Library/Frameworks/Foundation.framework; sourceTree = SDKROOT; };
/* End PBXFileReference section */

/* Begin PBXFrameworksBuildPhase section */
		F8F61C862DC097BD007B028F /* Frameworks */ = {
			isa = PBXFrameworksBuildPhase;
			buildActionMask = 2147483647;
			files = (
				F808FE022DD8B57F0041F8CA /* Regex in Frameworks */,
				F8F61C9F2DC099A4007B028F /* CoreAudio.framework in Frameworks */,
				F8F61CA12DC099AB007B028F /* Foundation.framework in Frameworks */,
				F8F61C9D2DC0999C007B028F /* AppKit.framework in Frameworks */,
			);
			runOnlyForDeploymentPostprocessing = 0;
		};
/* End PBXFrameworksBuildPhase section */

/* Begin PBXGroup section */
		F85F5BBA2E82694D00EFD18F /* LyricsParser */ = {
			isa = PBXGroup;
			children = (
				F85F5BB72E82694D00EFD18F /* Extensions.swift */,
				F85F5BB82E82694D00EFD18F /* LyricsHeader.swift */,
				F85F5BB92E82694D00EFD18F /* LyricsParser.swift */,
			);
			path = LyricsParser;
			sourceTree = "<group>";
		};
		F85F5BBE2E82694D00EFD18F /* model */ = {
			isa = PBXGroup;
			children = (
				F890FD032ED2B36500501979 /* Caches.swift */,
				F86B79052EC18C8200CC9DDB /* Key.swift */,
				F8E18C7E2EBB0EF200EA75DC /* Artist.swift */,
				F85F5BBB2E82694D00EFD18F /* LyricStruct.swift */,
				F85F5BBC2E82694D00EFD18F /* Song.swift */,
				F85F5BBD2E82694D00EFD18F /* ViewModel.swift */,
			);
			path = model;
			sourceTree = "<group>";
		};
		F85F5BC02E82694D00EFD18F /* Preview Content */ = {
			isa = PBXGroup;
			children = (
				F85F5BBF2E82694D00EFD18F /* Preview Assets.xcassets */,
			);
			path = "Preview Content";
			sourceTree = "<group>";
		};
		F85F5BD12E82694D00EFD18F /* AudioSync */ = {
			isa = PBXGroup;
			children = (
				F86B79082EC18CD200CC9DDB /* AppleMusic */,
				F85F5BBA2E82694D00EFD18F /* LyricsParser */,
				F85F5BBE2E82694D00EFD18F /* model */,
				F85F5BC02E82694D00EFD18F /* Preview Content */,
				F85F5BEB2E8269D300EFD18F /* service */,
				F85F5BC42E82694D00EFD18F /* Assets.xcassets */,
				F85F5BC62E82694D00EFD18F /* AudioSync.entitlements */,
				F85F5BC72E82694D00EFD18F /* AudioSyncApp.swift */,
				F85F5BEA2E82699D00EFD18F /* view */,
				F85F5BC92E82694D00EFD18F /* Info.plist */,
				F85F5BE92E82696A00EFD18F /* utils */,
			);
			path = AudioSync;
			sourceTree = "<group>";
		};
		F85F5BE92E82696A00EFD18F /* utils */ = {
			isa = PBXGroup;
			children = (
				F81EEB562EC42D580038745E /* NotificationUtils.swift */,
				F85F5BCB2E82694D00EFD18F /* Log.swift */,
				F85F5BCE2E82694D00EFD18F /* NetworkUtil.swift */,
				F85F5BD02E82694D00EFD18F /* Utils.swift */,
			);
			path = utils;
			sourceTree = "<group>";
		};
		F85F5BEA2E82699D00EFD18F /* view */ = {
			isa = PBXGroup;
			children = (
				F8B059372EE52AD0006B7239 /* SimilarSongView.swift */,
				F85F5BC82E82694D00EFD18F /* FullScreenView.swift */,
				F85F5BCA2E82694D00EFD18F /* KaraokeView.swift */,
				F85F5BCD2E82694D00EFD18F /* LyricsSelectorView.swift */,
				F85F5BC12E82694D00EFD18F /* AnimatedMeshGradientView.swift */,
				F8D979A52EBC757400BDD992 /* SimilarArtistView.swift */,
			);
			path = view;
			sourceTree = "<group>";
		};
		F85F5BEB2E8269D300EFD18F /* service */ = {
			isa = PBXGroup;
			children = (
				F85F5BC22E82694D00EFD18F /* AppDelegate.swift */,
				F85F5BC32E82694D00EFD18F /* AppleMusicScripting.swift */,
				F85F5BC52E82694D00EFD18F /* AudioFormatManager.swift */,
				F85F5BCF2E82694D00EFD18F /* PlaybackNotifier.swift */,
			);
			path = service;
			sourceTree = "<group>";
		};
		F86B79082EC18CD200CC9DDB /* AppleMusic */ = {
			isa = PBXGroup;
			children = (
				F807B2F42EB9B94A0093F91B /* IDFetcher.swift */,
				F807B2F22EB9B2AF0093F91B /* MusicNavigator.swift */,
			);
			path = AppleMusic;
			sourceTree = "<group>";
		};
		F8F61C802DC097BD007B028F = {
			isa = PBXGroup;
			children = (
				F85F5BD12E82694D00EFD18F /* AudioSync */,
				F8F61C9B2DC0999C007B028F /* Frameworks */,
				F8F61C8A2DC097BD007B028F /* Products */,
				F86657072DDC251800E55B82 /* README.md */,
			);
			sourceTree = "<group>";
		};
		F8F61C8A2DC097BD007B028F /* Products */ = {
			isa = PBXGroup;
			children = (
				F8F61C892DC097BD007B028F /* AudioSync.app */,
			);
			name = Products;
			sourceTree = "<group>";
		};
		F8F61C9B2DC0999C007B028F /* Frameworks */ = {
			isa = PBXGroup;
			children = (
				F8F61CA02DC099AB007B028F /* Foundation.framework */,
				F8F61C9E2DC099A4007B028F /* CoreAudio.framework */,
				F8F61C9C2DC0999C007B028F /* AppKit.framework */,
			);
			name = Frameworks;
			sourceTree = "<group>";
		};
/* End PBXGroup section */

/* Begin PBXNativeTarget section */
		F8F61C882DC097BD007B028F /* AudioSync */ = {
			isa = PBXNativeTarget;
			buildConfigurationList = F8F61C982DC097BF007B028F /* Build configuration list for PBXNativeTarget "AudioSync" */;
			buildPhases = (
				F8F61C852DC097BD007B028F /* Sources */,
				F8F61C862DC097BD007B028F /* Frameworks */,
				F8F61C872DC097BD007B028F /* Resources */,
			);
			buildRules = (
			);
			dependencies = (
			);
			name = AudioSync;
			packageProductDependencies = (
				F808FE012DD8B57F0041F8CA /* Regex */,
			);
			productName = AudioSync;
			productReference = F8F61C892DC097BD007B028F /* AudioSync.app */;
			productType = "com.apple.product-type.application";
		};
/* End PBXNativeTarget section */

/* Begin PBXProject section */
		F8F61C812DC097BD007B028F /* Project object */ = {
			isa = PBXProject;
			attributes = {
				BuildIndependentTargetsInParallel = 1;
				LastSwiftUpdateCheck = 1620;
				LastUpgradeCheck = 2600;
				TargetAttributes = {
					F8F61C882DC097BD007B028F = {
						CreatedOnToolsVersion = 16.2;
					};
				};
			};
			buildConfigurationList = F8F61C842DC097BD007B028F /* Build configuration list for PBXProject "AudioSync" */;
			developmentRegion = en;
			hasScannedForEncodings = 0;
			knownRegions = (
				en,
				Base,
			);
			mainGroup = F8F61C802DC097BD007B028F;
			minimizedProjectReferenceProxies = 1;
			packageReferences = (
				F808FE002DD8B57F0041F8CA /* XCRemoteSwiftPackageReference "Regex" */,
			);
			preferredProjectObjectVersion = 77;
			productRefGroup = F8F61C8A2DC097BD007B028F /* Products */;
			projectDirPath = "";
			projectRoot = "";
			targets = (
				F8F61C882DC097BD007B028F /* AudioSync */,
			);
		};
/* End PBXProject section */

/* Begin PBXResourcesBuildPhase section */
		F8F61C872DC097BD007B028F /* Resources */ = {
			isa = PBXResourcesBuildPhase;
			buildActionMask = 2147483647;
			files = (
				F85F5BD32E82694D00EFD18F /* Preview Assets.xcassets in Resources */,
				F85F5BD42E82694D00EFD18F /* Assets.xcassets in Resources */,
				F86657082DDC252100E55B82 /* README.md in Resources */,
			);
			runOnlyForDeploymentPostprocessing = 0;
		};
/* End PBXResourcesBuildPhase section */

/* Begin PBXSourcesBuildPhase section */
		F8F61C852DC097BD007B028F /* Sources */ = {
			isa = PBXSourcesBuildPhase;
			buildActionMask = 2147483647;
			files = (
				F85F5BD62E82694D00EFD18F /* Extensions.swift in Sources */,
				F85F5BD72E82694D00EFD18F /* LyricsHeader.swift in Sources */,
				F85F5BD82E82694D00EFD18F /* LyricsParser.swift in Sources */,
				F807B2F32EB9B2B30093F91B /* MusicNavigator.swift in Sources */,
				F85F5BD92E82694D00EFD18F /* LyricStruct.swift in Sources */,
				F85F5BDA2E82694D00EFD18F /* Song.swift in Sources */,
				F85F5BDB2E82694D00EFD18F /* ViewModel.swift in Sources */,
				F85F5BDC2E82694D00EFD18F /* AnimatedMeshGradientView.swift in Sources */,
				F890FD042ED2B36D00501979 /* Caches.swift in Sources */,
				F85F5BDD2E82694D00EFD18F /* AppDelegate.swift in Sources */,
				F85F5BDE2E82694D00EFD18F /* AppleMusicScripting.swift in Sources */,
				F8E18C7F2EBB0EF700EA75DC /* Artist.swift in Sources */,
				F85F5BDF2E82694D00EFD18F /* AudioFormatManager.swift in Sources */,
				F85F5BE02E82694D00EFD18F /* AudioSyncApp.swift in Sources */,
				F85F5BE12E82694D00EFD18F /* FullScreenView.swift in Sources */,
				F8D979A62EBC757400BDD992 /* SimilarArtistView.swift in Sources */,
				F85F5BE22E82694D00EFD18F /* KaraokeView.swift in Sources */,
				F85F5BE32E82694D00EFD18F /* Log.swift in Sources */,
				F807B2F52EB9B94C0093F91B /* IDFetcher.swift in Sources */,
				F8B059382EE52AD0006B7239 /* SimilarSongView.swift in Sources */,
				F81EEB572EC42D680038745E /* NotificationUtils.swift in Sources */,
				F86B79062EC18C9600CC9DDB /* Key.swift in Sources */,
				F85F5BE52E82694D00EFD18F /* LyricsSelectorView.swift in Sources */,
				F85F5BE62E82694D00EFD18F /* NetworkUtil.swift in Sources */,
				F85F5BE72E82694D00EFD18F /* PlaybackNotifier.swift in Sources */,
				F85F5BE82E82694D00EFD18F /* Utils.swift in Sources */,
			);
			runOnlyForDeploymentPostprocessing = 0;
		};
/* End PBXSourcesBuildPhase section */

/* Begin XCBuildConfiguration section */
		F8F61C962DC097BF007B028F /* Debug */ = {
			isa = XCBuildConfiguration;
			buildSettings = {
				ALWAYS_SEARCH_USER_PATHS = NO;
				ASSETCATALOG_COMPILER_GENERATE_SWIFT_ASSET_SYMBOL_EXTENSIONS = YES;
				CLANG_ANALYZER_NONNULL = YES;
				CLANG_ANALYZER_NUMBER_OBJECT_CONVERSION = YES_AGGRESSIVE;
				CLANG_CXX_LANGUAGE_STANDARD = "gnu++20";
				CLANG_ENABLE_MODULES = YES;
				CLANG_ENABLE_OBJC_ARC = YES;
				CLANG_ENABLE_OBJC_WEAK = YES;
				CLANG_WARN_BLOCK_CAPTURE_AUTORELEASING = YES;
				CLANG_WARN_BOOL_CONVERSION = YES;
				CLANG_WARN_COMMA = YES;
				CLANG_WARN_CONSTANT_CONVERSION = YES;
				CLANG_WARN_DEPRECATED_OBJC_IMPLEMENTATIONS = YES;
				CLANG_WARN_DIRECT_OBJC_ISA_USAGE = YES_ERROR;
				CLANG_WARN_DOCUMENTATION_COMMENTS = YES;
				CLANG_WARN_EMPTY_BODY = YES;
				CLANG_WARN_ENUM_CONVERSION = YES;
				CLANG_WARN_INFINITE_RECURSION = YES;
				CLANG_WARN_INT_CONVERSION = YES;
				CLANG_WARN_NON_LITERAL_NULL_CONVERSION = YES;
				CLANG_WARN_OBJC_IMPLICIT_RETAIN_SELF = YES;
				CLANG_WARN_OBJC_LITERAL_CONVERSION = YES;
				CLANG_WARN_OBJC_ROOT_CLASS = YES_ERROR;
				CLANG_WARN_QUOTED_INCLUDE_IN_FRAMEWORK_HEADER = YES;
				CLANG_WARN_RANGE_LOOP_ANALYSIS = YES;
				CLANG_WARN_STRICT_PROTOTYPES = YES;
				CLANG_WARN_SUSPICIOUS_MOVE = YES;
				CLANG_WARN_UNGUARDED_AVAILABILITY = YES_AGGRESSIVE;
				CLANG_WARN_UNREACHABLE_CODE = YES;
				CLANG_WARN__DUPLICATE_METHOD_MATCH = YES;
				COPY_PHASE_STRIP = NO;
				DEAD_CODE_STRIPPING = YES;
				DEBUG_INFORMATION_FORMAT = dwarf;
				DEVELOPMENT_TEAM = 33K23QULT8;
				ENABLE_STRICT_OBJC_MSGSEND = YES;
				ENABLE_TESTABILITY = YES;
				ENABLE_USER_SCRIPT_SANDBOXING = YES;
				GCC_C_LANGUAGE_STANDARD = gnu17;
				GCC_DYNAMIC_NO_PIC = NO;
				GCC_NO_COMMON_BLOCKS = YES;
				GCC_OPTIMIZATION_LEVEL = 0;
				GCC_PREPROCESSOR_DEFINITIONS = (
					"DEBUG=1",
					"$(inherited)",
				);
				GCC_WARN_64_TO_32_BIT_CONVERSION = YES;
				GCC_WARN_ABOUT_RETURN_TYPE = YES_ERROR;
				GCC_WARN_UNDECLARED_SELECTOR = YES;
				GCC_WARN_UNINITIALIZED_AUTOS = YES_AGGRESSIVE;
				GCC_WARN_UNUSED_FUNCTION = YES;
				GCC_WARN_UNUSED_VARIABLE = YES;
				LOCALIZATION_PREFERS_STRING_CATALOGS = YES;
				MACOSX_DEPLOYMENT_TARGET = 15.2;
				MTL_ENABLE_DEBUG_INFO = INCLUDE_SOURCE;
				MTL_FAST_MATH = YES;
				ONLY_ACTIVE_ARCH = YES;
				SDKROOT = macosx;
				STRING_CATALOG_GENERATE_SYMBOLS = YES;
				SWIFT_ACTIVE_COMPILATION_CONDITIONS = "DEBUG $(inherited)";
				SWIFT_OPTIMIZATION_LEVEL = "-Onone";
			};
			name = Debug;
		};
		F8F61C972DC097BF007B028F /* Release */ = {
			isa = XCBuildConfiguration;
			buildSettings = {
				ALWAYS_SEARCH_USER_PATHS = NO;
				ASSETCATALOG_COMPILER_GENERATE_SWIFT_ASSET_SYMBOL_EXTENSIONS = YES;
				CLANG_ANALYZER_NONNULL = YES;
				CLANG_ANALYZER_NUMBER_OBJECT_CONVERSION = YES_AGGRESSIVE;
				CLANG_CXX_LANGUAGE_STANDARD = "gnu++20";
				CLANG_ENABLE_MODULES = YES;
				CLANG_ENABLE_OBJC_ARC = YES;
				CLANG_ENABLE_OBJC_WEAK = YES;
				CLANG_WARN_BLOCK_CAPTURE_AUTORELEASING = YES;
				CLANG_WARN_BOOL_CONVERSION = YES;
				CLANG_WARN_COMMA = YES;
				CLANG_WARN_CONSTANT_CONVERSION = YES;
				CLANG_WARN_DEPRECATED_OBJC_IMPLEMENTATIONS = YES;
				CLANG_WARN_DIRECT_OBJC_ISA_USAGE = YES_ERROR;
				CLANG_WARN_DOCUMENTATION_COMMENTS = YES;
				CLANG_WARN_EMPTY_BODY = YES;
				CLANG_WARN_ENUM_CONVERSION = YES;
				CLANG_WARN_INFINITE_RECURSION = YES;
				CLANG_WARN_INT_CONVERSION = YES;
				CLANG_WARN_NON_LITERAL_NULL_CONVERSION = YES;
				CLANG_WARN_OBJC_IMPLICIT_RETAIN_SELF = YES;
				CLANG_WARN_OBJC_LITERAL_CONVERSION = YES;
				CLANG_WARN_OBJC_ROOT_CLASS = YES_ERROR;
				CLANG_WARN_QUOTED_INCLUDE_IN_FRAMEWORK_HEADER = YES;
				CLANG_WARN_RANGE_LOOP_ANALYSIS = YES;
				CLANG_WARN_STRICT_PROTOTYPES = YES;
				CLANG_WARN_SUSPICIOUS_MOVE = YES;
				CLANG_WARN_UNGUARDED_AVAILABILITY = YES_AGGRESSIVE;
				CLANG_WARN_UNREACHABLE_CODE = YES;
				CLANG_WARN__DUPLICATE_METHOD_MATCH = YES;
				COPY_PHASE_STRIP = NO;
				DEAD_CODE_STRIPPING = YES;
				DEBUG_INFORMATION_FORMAT = "dwarf-with-dsym";
				DEVELOPMENT_TEAM = 33K23QULT8;
				ENABLE_NS_ASSERTIONS = NO;
				ENABLE_STRICT_OBJC_MSGSEND = YES;
				ENABLE_USER_SCRIPT_SANDBOXING = YES;
				GCC_C_LANGUAGE_STANDARD = gnu17;
				GCC_NO_COMMON_BLOCKS = YES;
				GCC_WARN_64_TO_32_BIT_CONVERSION = YES;
				GCC_WARN_ABOUT_RETURN_TYPE = YES_ERROR;
				GCC_WARN_UNDECLARED_SELECTOR = YES;
				GCC_WARN_UNINITIALIZED_AUTOS = YES_AGGRESSIVE;
				GCC_WARN_UNUSED_FUNCTION = YES;
				GCC_WARN_UNUSED_VARIABLE = YES;
				LOCALIZATION_PREFERS_STRING_CATALOGS = YES;
				MACOSX_DEPLOYMENT_TARGET = 15.2;
				MTL_ENABLE_DEBUG_INFO = NO;
				MTL_FAST_MATH = YES;
				SDKROOT = macosx;
				STRING_CATALOG_GENERATE_SYMBOLS = YES;
				SWIFT_COMPILATION_MODE = wholemodule;
			};
			name = Release;
		};
		F8F61C992DC097BF007B028F /* Debug */ = {
			isa = XCBuildConfiguration;
			buildSettings = {
				ASSETCATALOG_COMPILER_APPICON_NAME = AppIcon;
				ASSETCATALOG_COMPILER_GLOBAL_ACCENT_COLOR_NAME = AccentColor;
				CODE_SIGN_ENTITLEMENTS = AudioSync/AudioSync.entitlements;
				CODE_SIGN_STYLE = Automatic;
				COMBINE_HIDPI_IMAGES = YES;
				CURRENT_PROJECT_VERSION = 1;
				DEAD_CODE_STRIPPING = YES;
				DEVELOPMENT_ASSET_PATHS = "\"AudioSync/Preview Content\"";
				ENABLE_HARDENED_RUNTIME = NO;
				ENABLE_PREVIEWS = YES;
				GENERATE_INFOPLIST_FILE = YES;
				INFOPLIST_FILE = AudioSync/Info.plist;
				INFOPLIST_KEY_NSAppleEventsUsageDescription = "App 需要控制 Music 以获取当前播放状态和歌词同步";
				INFOPLIST_KEY_NSAppleMusicUsageDescription = "需要访问 Apple Music 来同步歌词";
				INFOPLIST_KEY_NSHumanReadableCopyright = "";
				LD_RUNPATH_SEARCH_PATHS = (
					"$(inherited)",
					"@executable_path/../Frameworks",
				);
				MACOSX_DEPLOYMENT_TARGET = 26.0;
				MARKETING_VERSION = 1.0;
				PRODUCT_BUNDLE_IDENTIFIER = com.solo.AudioSync;
				PRODUCT_NAME = "$(TARGET_NAME)";
				SWIFT_EMIT_LOC_STRINGS = YES;
				SWIFT_VERSION = 5.0;
			};
			name = Debug;
		};
		F8F61C9A2DC097BF007B028F /* Release */ = {
			isa = XCBuildConfiguration;
			buildSettings = {
				ASSETCATALOG_COMPILER_APPICON_NAME = AppIcon;
				ASSETCATALOG_COMPILER_GLOBAL_ACCENT_COLOR_NAME = AccentColor;
				CODE_SIGN_ENTITLEMENTS = AudioSync/AudioSync.entitlements;
				CODE_SIGN_STYLE = Automatic;
				COMBINE_HIDPI_IMAGES = YES;
				CURRENT_PROJECT_VERSION = 1;
				DEAD_CODE_STRIPPING = YES;
				DEVELOPMENT_ASSET_PATHS = "\"AudioSync/Preview Content\"";
				ENABLE_HARDENED_RUNTIME = NO;
				ENABLE_PREVIEWS = YES;
				GENERATE_INFOPLIST_FILE = YES;
				INFOPLIST_FILE = AudioSync/Info.plist;
				INFOPLIST_KEY_NSAppleEventsUsageDescription = "App 需要控制 Music 以获取当前播放状态和歌词同步";
				INFOPLIST_KEY_NSAppleMusicUsageDescription = "需要访问 Apple Music 来同步歌词";
				INFOPLIST_KEY_NSHumanReadableCopyright = "";
				LD_RUNPATH_SEARCH_PATHS = (
					"$(inherited)",
					"@executable_path/../Frameworks",
				);
				MACOSX_DEPLOYMENT_TARGET = 26.0;
				MARKETING_VERSION = 1.0;
				PRODUCT_BUNDLE_IDENTIFIER = com.solo.AudioSync;
				PRODUCT_NAME = "$(TARGET_NAME)";
				SWIFT_EMIT_LOC_STRINGS = YES;
				SWIFT_VERSION = 5.0;
			};
			name = Release;
		};
/* End XCBuildConfiguration section */

/* Begin XCConfigurationList section */
		F8F61C842DC097BD007B028F /* Build configuration list for PBXProject "AudioSync" */ = {
			isa = XCConfigurationList;
			buildConfigurations = (
				F8F61C962DC097BF007B028F /* Debug */,
				F8F61C972DC097BF007B028F /* Release */,
			);
			defaultConfigurationIsVisible = 0;
			defaultConfigurationName = Release;
		};
		F8F61C982DC097BF007B028F /* Build configuration list for PBXNativeTarget "AudioSync" */ = {
			isa = XCConfigurationList;
			buildConfigurations = (
				F8F61C992DC097BF007B028F /* Debug */,
				F8F61C9A2DC097BF007B028F /* Release */,
			);
			defaultConfigurationIsVisible = 0;
			defaultConfigurationName = Release;
		};
/* End XCConfigurationList section */

/* Begin XCRemoteSwiftPackageReference section */
		F808FE002DD8B57F0041F8CA /* XCRemoteSwiftPackageReference "Regex" */ = {
			isa = XCRemoteSwiftPackageReference;
			repositoryURL = "https://github.com/ddddxxx/Regex";
			requirement = {
				branch = master;
				kind = branch;
			};
		};
/* End XCRemoteSwiftPackageReference section */

/* Begin XCSwiftPackageProductDependency section */
		F808FE012DD8B57F0041F8CA /* Regex */ = {
			isa = XCSwiftPackageProductDependency;
			package = F808FE002DD8B57F0041F8CA /* XCRemoteSwiftPackageReference "Regex" */;
			productName = Regex;
		};
/* End XCSwiftPackageProductDependency section */
	};
	rootObject = F8F61C812DC097BD007B028F /* Project object */;
}
